
Microsoft Visual Studio Solution File, Format Version 12.00
# Visual Studio Version 17
VisualStudioVersion = 17.12.35521.163
MinimumVisualStudioVersion = 10.0.40219.1
Project("{FAE04EC0-301F-11D3-BF4B-00C04F79EFBC}") = "Portfolio", "Portfolio\Portfolio.csproj", "{5D93CEF5-6524-425A-9CC3-EFA548E77E79}"
EndProject
Project("{FAE04EC0-301F-11D3-BF4B-00C04F79EFBC}") = "Portfolio.Tests", "Portfolio.Tests\Portfolio.Tests.csproj", "{4239B334-152C-43F2-8004-6748DAD96527}"
EndProject
Project("{FAE04EC0-301F-11D3-BF4B-00C04F79EFBC}") = "Portfolio.UI", "Portfolio.UI\Portfolio.UI.csproj", "{C68A58ED-667F-4FFB-AA4C-87FA0048A2FF}"
EndProject
Project("{FAE04EC0-301F-11D3-BF4B-00C04F79EFBC}") = "Portfolio.API", "Portfolio.API\Portfolio.API.csproj", "{410E9247-B1B4-4AD1-B62E-F09F6EBEEF04}"
EndProject
Global
	GlobalSection(SolutionConfigurationPlatforms) = preSolution
		Debug|Any CPU = Debug|Any CPU
		Release|Any CPU = Release|Any CPU
	EndGlobalSection
	GlobalSection(ProjectConfigurationPlatforms) = postSolution
		{5D93CEF5-6524-425A-9CC3-EFA548E77E79}.Debug|Any CPU.ActiveCfg = Debug|Any CPU
		{5D93CEF5-6524-425A-9CC3-EFA548E77E79}.Debug|Any CPU.Build.0 = Debug|Any CPU
		{5D93CEF5-6524-425A-9CC3-EFA548E77E79}.Release|Any CPU.ActiveCfg = Release|Any CPU
		{5D93CEF5-6524-425A-9CC3-EFA548E77E79}.Release|Any CPU.Build.0 = Release|Any CPU
		{4239B334-152C-43F2-8004-6748DAD96527}.Debug|Any CPU.ActiveCfg = Debug|Any CPU
		{4239B334-152C-43F2-8004-6748DAD96527}.Debug|Any CPU.Build.0 = Debug|Any CPU
		{4239B334-152C-43F2-8004-6748DAD96527}.Release|Any CPU.ActiveCfg = Release|Any CPU
		{4239B334-152C-43F2-8004-6748DAD96527}.Release|Any CPU.Build.0 = Release|Any CPU
		{C68A58ED-667F-4FFB-AA4C-87FA0048A2FF}.Debug|Any CPU.ActiveCfg = Debug|Any CPU
		{C68A58ED-667F-4FFB-AA4C-87FA0048A2FF}.Debug|Any CPU.Build.0 = Debug|Any CPU
		{C68A58ED-667F-4FFB-AA4C-87FA0048A2FF}.Release|Any CPU.ActiveCfg = Release|Any CPU
		{C68A58ED-667F-4FFB-AA4C-87FA0048A2FF}.Release|Any CPU.Build.0 = Release|Any CPU
		{410E9247-B1B4-4AD1-B62E-F09F6EBEEF04}.Debug|Any CPU.ActiveCfg = Debug|Any CPU
		{410E9247-B1B4-4AD1-B62E-F09F6EBEEF04}.Debug|Any CPU.Build.0 = Debug|Any CPU
		{410E9247-B1B4-4AD1-B62E-F09F6EBEEF04}.Release|Any CPU.ActiveCfg = Release|Any CPU
		{410E9247-B1B4-4AD1-B62E-F09F6EBEEF04}.Release|Any CPU.Build.0 = Release|Any CPU
	EndGlobalSection
	GlobalSection(SolutionProperties) = preSolution
		HideSolutionNode = FALSE
	EndGlobalSection
EndGlobal
